
Microsoft Visual Studio Solution File, Format Version 12.00
# Visual Studio Version 17
VisualStudioVersion = 17.11.35312.102
MinimumVisualStudioVersion = 10.0.40219.1
Project("{9A19103F-16F7-4668-BE54-9A1E7A4F7556}") = "RS.Widgets", "RS.Widgets\RS.Widgets.csproj", "{3DB90F7D-A601-45BD-A294-5A3A7CAAB4D8}"
EndProject
Project("{9A19103F-16F7-4668-BE54-9A1E7A4F7556}") = "RS.Win32API", "RS.Win32API\RS.Win32API.csproj", "{CC629DA9-822B-417A-BA2E-145255F3D4DA}"
EndProject
Project("{2150E333-8FDC-42A3-9474-1A3956D46DE8}") = "1、Web应用程序", "1、Web应用程序", "{522B4E47-7720-4AC7-A373-7F2259CC1B9D}"
EndProject
Project("{2150E333-8FDC-42A3-9474-1A3956D46DE8}") = "2、桌面应用程序", "2、桌面应用程序", "{78E472E8-3D61-47E1-9FD3-C172062B5482}"
EndProject
Project("{2150E333-8FDC-42A3-9474-1A3956D46DE8}") = "6、通用类库", "6、通用类库", "{F3FACD39-FED1-4163-8078-4DA985C463BA}"
EndProject
Project("{2150E333-8FDC-42A3-9474-1A3956D46DE8}") = "7、项目文档", "7、项目文档", "{5863101C-E3FC-4B08-85D4-CF46685D5986}"
EndProject
Project("{9A19103F-16F7-4668-BE54-9A1E7A4F7556}") = "RS.Commons", "RS.Commons\RS.Commons.csproj", "{5914FC4F-DF27-4F02-869C-83C5E66F0355}"
EndProject
Project("{9A19103F-16F7-4668-BE54-9A1E7A4F7556}") = "RS.HMI.ClientData", "RS.HMI.ClientData\RS.HMI.ClientData.csproj", "{C274A5BC-EEB2-41A3-9C71-4EF1C01A46F4}"
EndProject
Project("{9A19103F-16F7-4668-BE54-9A1E7A4F7556}") = "RS.HMI.Client", "RS.HMI.Client\RS.HMI.Client.csproj", "{1420544C-D015-4563-BF8A-68882BD901E3}"
EndProject
Project("{9A19103F-16F7-4668-BE54-9A1E7A4F7556}") = "RS.HMI.CommuLib", "RS.HMI.CommuLib\RS.HMI.CommuLib.csproj", "{B56399B1-F5E3-47DE-A705-FFD5FCDFFD0F}"
EndProject
Project("{9A19103F-16F7-4668-BE54-9A1E7A4F7556}") = "HslCommunication", "HslCommunication\HslCommunication.csproj", "{802D2FA1-1D7F-4195-8F15-5155844CDC55}"
EndProject
Project("{9A19103F-16F7-4668-BE54-9A1E7A4F7556}") = "RS.WebApp", "RS.WebApp\RS.WebApp.csproj", "{2C7C34E2-DC49-4FE6-81BA-4682E7B1C752}"
EndProject
Project("{9A19103F-16F7-4668-BE54-9A1E7A4F7556}") = "RS.WebApp.BLL", "RS.WebApp.BLL\RS.WebApp.BLL.csproj", "{7A29C9CA-F856-4CB6-94CC-8024677AAA56}"
EndProject
Project("{9A19103F-16F7-4668-BE54-9A1E7A4F7556}") = "RS.WebApp.DAL", "RS.WebApp.DAL\RS.WebApp.DAL.csproj", "{4A3171B3-BE82-4565-9B24-957EDE44957A}"
EndProject
Project("{9A19103F-16F7-4668-BE54-9A1E7A4F7556}") = "RS.WebApp.Entity", "RS.WebApp.Entity\RS.WebApp.Entity.csproj", "{ABA20365-3120-45F2-880E-B55EB915D059}"
EndProject
Project("{9A19103F-16F7-4668-BE54-9A1E7A4F7556}") = "RS.WebApp.IBLL", "RS.WebApp.IBLL\RS.WebApp.IBLL.csproj", "{E06D361B-C6CB-4164-87B8-27AD866CF13B}"
EndProject
Project("{9A19103F-16F7-4668-BE54-9A1E7A4F7556}") = "RS.WebApp.IDAL", "RS.WebApp.IDAL\RS.WebApp.IDAL.csproj", "{0E230EC7-19B1-41A3-81EC-91A4B70BB5B6}"
EndProject
Project("{9A19103F-16F7-4668-BE54-9A1E7A4F7556}") = "RS.WebApp.Models", "RS.WebApp.Models\RS.WebApp.Models.csproj", "{1A54FF44-D84C-4DE6-A1E6-CBC80FB94DCA}"
EndProject
Project("{9A19103F-16F7-4668-BE54-9A1E7A4F7556}") = "RS.RESTfulApi", "RS.RESTfulApi\RS.RESTfulApi.csproj", "{C55DCE08-9BFA-4726-84EF-C91EDF0C7385}"
EndProject
Project("{9A19103F-16F7-4668-BE54-9A1E7A4F7556}") = "RS.ConfigDoc", "RS.ConfigDoc\RS.ConfigDoc.csproj", "{EE2F7FC7-002B-438B-A020-EB2FCD0F012D}"
EndProject
Project("{2150E333-8FDC-42A3-9474-1A3956D46DE8}") = "4、安装程序", "4、安装程序", "{51FDEC41-3BB0-4F5E-AC34-AC845AC68A41}"
EndProject
Project("{2150E333-8FDC-42A3-9474-1A3956D46DE8}") = "3、标注软件", "3、标注软件", "{95312252-6118-4A15-877E-B22C6556AA0B}"
EndProject
Project("{9A19103F-16F7-4668-BE54-9A1E7A4F7556}") = "RS.WPFApp", "RS.WPFApp\RS.WPFApp.csproj", "{8FCEB71D-4BFB-404A-B865-A2BB7F36C0F2}"
EndProject
Project("{9A19103F-16F7-4668-BE54-9A1E7A4F7556}") = "RS.WPFApp.BLL", "RS.WPFApp.BLL\RS.WPFApp.BLL.csproj", "{EEDEF03E-1DC6-45B2-A658-1102667EA8AD}"
EndProject
Project("{9A19103F-16F7-4668-BE54-9A1E7A4F7556}") = "RS.WPFApp.IBLL", "RS.WPFApp.IBLL\RS.WPFApp.IBLL.csproj", "{2207129D-4B0C-44D6-9513-A1D4B7C401D9}"
EndProject
Project("{9A19103F-16F7-4668-BE54-9A1E7A4F7556}") = "RS.AnnotationSQLite", "RS.AnnotationSQLite\RS.AnnotationSQLite.csproj", "{7B2EE829-5E97-4965-8D2E-216C589C010F}"
EndProject
Project("{2150E333-8FDC-42A3-9474-1A3956D46DE8}") = "5、自定义控件库", "5、自定义控件库", "{9C4DD059-C6C3-4292-A901-5609916BCFA1}"
EndProject
Project("{2150E333-8FDC-42A3-9474-1A3956D46DE8}") = "8、胡工科技", "8、胡工科技", "{C75FBDA5-9493-436A-B2E2-C5456B78B174}"
EndProject
Project("{9A19103F-16F7-4668-BE54-9A1E7A4F7556}") = "RS.Models", "RS.Models\RS.Models.csproj", "{3C05CEBB-C17D-4CAB-8905-129F24F98EED}"
EndProject
Project("{2150E333-8FDC-42A3-9474-1A3956D46DE8}") = "9、Win32API", "9、Win32API", "{2BE97CFA-E60C-40BA-9FE2-BA63DABE5DA9}"
EndProject
Project("{9A19103F-16F7-4668-BE54-9A1E7A4F7556}") = "RS.SetupApp", "RS.SetupApp\RS.SetupApp.csproj", "{6C121653-BB55-47A8-9250-03BB5FDADC93}"
EndProject
Project("{FAE04EC0-301F-11D3-BF4B-00C04F79EFBC}") = "RS.WPFApp.Widgets", "RS.WPFApp.Widgets\RS.WPFApp.Widgets.csproj", "{A1E40E8B-E607-47B2-9C1C-6633A6C75EBF}"
EndProject
Global
	GlobalSection(SolutionConfigurationPlatforms) = preSolution
		Debug|Any CPU = Debug|Any CPU
		Release|Any CPU = Release|Any CPU
	EndGlobalSection
	GlobalSection(ProjectConfigurationPlatforms) = postSolution
		{3DB90F7D-A601-45BD-A294-5A3A7CAAB4D8}.Debug|Any CPU.ActiveCfg = Debug|Any CPU
		{3DB90F7D-A601-45BD-A294-5A3A7CAAB4D8}.Debug|Any CPU.Build.0 = Debug|Any CPU
		{3DB90F7D-A601-45BD-A294-5A3A7CAAB4D8}.Release|Any CPU.ActiveCfg = Release|Any CPU
		{3DB90F7D-A601-45BD-A294-5A3A7CAAB4D8}.Release|Any CPU.Build.0 = Release|Any CPU
		{CC629DA9-822B-417A-BA2E-145255F3D4DA}.Debug|Any CPU.ActiveCfg = Debug|Any CPU
		{CC629DA9-822B-417A-BA2E-145255F3D4DA}.Debug|Any CPU.Build.0 = Debug|Any CPU
		{CC629DA9-822B-417A-BA2E-145255F3D4DA}.Release|Any CPU.ActiveCfg = Release|Any CPU
		{CC629DA9-822B-417A-BA2E-145255F3D4DA}.Release|Any CPU.Build.0 = Release|Any CPU
		{5914FC4F-DF27-4F02-869C-83C5E66F0355}.Debug|Any CPU.ActiveCfg = Debug|Any CPU
		{5914FC4F-DF27-4F02-869C-83C5E66F0355}.Debug|Any CPU.Build.0 = Debug|Any CPU
		{5914FC4F-DF27-4F02-869C-83C5E66F0355}.Release|Any CPU.ActiveCfg = Release|Any CPU
		{5914FC4F-DF27-4F02-869C-83C5E66F0355}.Release|Any CPU.Build.0 = Release|Any CPU
		{C274A5BC-EEB2-41A3-9C71-4EF1C01A46F4}.Debug|Any CPU.ActiveCfg = Debug|Any CPU
		{C274A5BC-EEB2-41A3-9C71-4EF1C01A46F4}.Debug|Any CPU.Build.0 = Debug|Any CPU
		{C274A5BC-EEB2-41A3-9C71-4EF1C01A46F4}.Release|Any CPU.ActiveCfg = Release|Any CPU
		{C274A5BC-EEB2-41A3-9C71-4EF1C01A46F4}.Release|Any CPU.Build.0 = Release|Any CPU
		{1420544C-D015-4563-BF8A-68882BD901E3}.Debug|Any CPU.ActiveCfg = Debug|Any CPU
		{1420544C-D015-4563-BF8A-68882BD901E3}.Debug|Any CPU.Build.0 = Debug|Any CPU
		{1420544C-D015-4563-BF8A-68882BD901E3}.Release|Any CPU.ActiveCfg = Release|Any CPU
		{1420544C-D015-4563-BF8A-68882BD901E3}.Release|Any CPU.Build.0 = Release|Any CPU
		{B56399B1-F5E3-47DE-A705-FFD5FCDFFD0F}.Debug|Any CPU.ActiveCfg = Debug|Any CPU
		{B56399B1-F5E3-47DE-A705-FFD5FCDFFD0F}.Debug|Any CPU.Build.0 = Debug|Any CPU
		{B56399B1-F5E3-47DE-A705-FFD5FCDFFD0F}.Release|Any CPU.ActiveCfg = Release|Any CPU
		{B56399B1-F5E3-47DE-A705-FFD5FCDFFD0F}.Release|Any CPU.Build.0 = Release|Any CPU
		{802D2FA1-1D7F-4195-8F15-5155844CDC55}.Debug|Any CPU.ActiveCfg = Debug|Any CPU
		{802D2FA1-1D7F-4195-8F15-5155844CDC55}.Debug|Any CPU.Build.0 = Debug|Any CPU
		{802D2FA1-1D7F-4195-8F15-5155844CDC55}.Release|Any CPU.ActiveCfg = Release|Any CPU
		{802D2FA1-1D7F-4195-8F15-5155844CDC55}.Release|Any CPU.Build.0 = Release|Any CPU
		{2C7C34E2-DC49-4FE6-81BA-4682E7B1C752}.Debug|Any CPU.ActiveCfg = Debug|Any CPU
		{2C7C34E2-DC49-4FE6-81BA-4682E7B1C752}.Debug|Any CPU.Build.0 = Debug|Any CPU
		{2C7C34E2-DC49-4FE6-81BA-4682E7B1C752}.Release|Any CPU.ActiveCfg = Release|Any CPU
		{2C7C34E2-DC49-4FE6-81BA-4682E7B1C752}.Release|Any CPU.Build.0 = Release|Any CPU
		{7A29C9CA-F856-4CB6-94CC-8024677AAA56}.Debug|Any CPU.ActiveCfg = Debug|Any CPU
		{7A29C9CA-F856-4CB6-94CC-8024677AAA56}.Debug|Any CPU.Build.0 = Debug|Any CPU
		{7A29C9CA-F856-4CB6-94CC-8024677AAA56}.Release|Any CPU.ActiveCfg = Release|Any CPU
		{7A29C9CA-F856-4CB6-94CC-8024677AAA56}.Release|Any CPU.Build.0 = Release|Any CPU
		{4A3171B3-BE82-4565-9B24-957EDE44957A}.Debug|Any CPU.ActiveCfg = Debug|Any CPU
		{4A3171B3-BE82-4565-9B24-957EDE44957A}.Debug|Any CPU.Build.0 = Debug|Any CPU
		{4A3171B3-BE82-4565-9B24-957EDE44957A}.Release|Any CPU.ActiveCfg = Release|Any CPU
		{4A3171B3-BE82-4565-9B24-957EDE44957A}.Release|Any CPU.Build.0 = Release|Any CPU
		{ABA20365-3120-45F2-880E-B55EB915D059}.Debug|Any CPU.ActiveCfg = Debug|Any CPU
		{ABA20365-3120-45F2-880E-B55EB915D059}.Debug|Any CPU.Build.0 = Debug|Any CPU
		{ABA20365-3120-45F2-880E-B55EB915D059}.Release|Any CPU.ActiveCfg = Release|Any CPU
		{ABA20365-3120-45F2-880E-B55EB915D059}.Release|Any CPU.Build.0 = Release|Any CPU
		{E06D361B-C6CB-4164-87B8-27AD866CF13B}.Debug|Any CPU.ActiveCfg = Debug|Any CPU
		{E06D361B-C6CB-4164-87B8-27AD866CF13B}.Debug|Any CPU.Build.0 = Debug|Any CPU
		{E06D361B-C6CB-4164-87B8-27AD866CF13B}.Release|Any CPU.ActiveCfg = Release|Any CPU
		{E06D361B-C6CB-4164-87B8-27AD866CF13B}.Release|Any CPU.Build.0 = Release|Any CPU
		{0E230EC7-19B1-41A3-81EC-91A4B70BB5B6}.Debug|Any CPU.ActiveCfg = Debug|Any CPU
		{0E230EC7-19B1-41A3-81EC-91A4B70BB5B6}.Debug|Any CPU.Build.0 = Debug|Any CPU
		{0E230EC7-19B1-41A3-81EC-91A4B70BB5B6}.Release|Any CPU.ActiveCfg = Release|Any CPU
		{0E230EC7-19B1-41A3-81EC-91A4B70BB5B6}.Release|Any CPU.Build.0 = Release|Any CPU
		{1A54FF44-D84C-4DE6-A1E6-CBC80FB94DCA}.Debug|Any CPU.ActiveCfg = Debug|Any CPU
		{1A54FF44-D84C-4DE6-A1E6-CBC80FB94DCA}.Debug|Any CPU.Build.0 = Debug|Any CPU
		{1A54FF44-D84C-4DE6-A1E6-CBC80FB94DCA}.Release|Any CPU.ActiveCfg = Release|Any CPU
		{1A54FF44-D84C-4DE6-A1E6-CBC80FB94DCA}.Release|Any CPU.Build.0 = Release|Any CPU
		{C55DCE08-9BFA-4726-84EF-C91EDF0C7385}.Debug|Any CPU.ActiveCfg = Debug|Any CPU
		{C55DCE08-9BFA-4726-84EF-C91EDF0C7385}.Debug|Any CPU.Build.0 = Debug|Any CPU
		{C55DCE08-9BFA-4726-84EF-C91EDF0C7385}.Release|Any CPU.ActiveCfg = Release|Any CPU
		{C55DCE08-9BFA-4726-84EF-C91EDF0C7385}.Release|Any CPU.Build.0 = Release|Any CPU
		{EE2F7FC7-002B-438B-A020-EB2FCD0F012D}.Debug|Any CPU.ActiveCfg = Debug|Any CPU
		{EE2F7FC7-002B-438B-A020-EB2FCD0F012D}.Debug|Any CPU.Build.0 = Debug|Any CPU
		{EE2F7FC7-002B-438B-A020-EB2FCD0F012D}.Release|Any CPU.ActiveCfg = Release|Any CPU
		{EE2F7FC7-002B-438B-A020-EB2FCD0F012D}.Release|Any CPU.Build.0 = Release|Any CPU
		{8FCEB71D-4BFB-404A-B865-A2BB7F36C0F2}.Debug|Any CPU.ActiveCfg = Debug|Any CPU
		{8FCEB71D-4BFB-404A-B865-A2BB7F36C0F2}.Debug|Any CPU.Build.0 = Debug|Any CPU
		{8FCEB71D-4BFB-404A-B865-A2BB7F36C0F2}.Release|Any CPU.ActiveCfg = Release|Any CPU
		{8FCEB71D-4BFB-404A-B865-A2BB7F36C0F2}.Release|Any CPU.Build.0 = Release|Any CPU
		{EEDEF03E-1DC6-45B2-A658-1102667EA8AD}.Debug|Any CPU.ActiveCfg = Debug|Any CPU
		{EEDEF03E-1DC6-45B2-A658-1102667EA8AD}.Debug|Any CPU.Build.0 = Debug|Any CPU
		{EEDEF03E-1DC6-45B2-A658-1102667EA8AD}.Release|Any CPU.ActiveCfg = Release|Any CPU
		{EEDEF03E-1DC6-45B2-A658-1102667EA8AD}.Release|Any CPU.Build.0 = Release|Any CPU
		{2207129D-4B0C-44D6-9513-A1D4B7C401D9}.Debug|Any CPU.ActiveCfg = Debug|Any CPU
		{2207129D-4B0C-44D6-9513-A1D4B7C401D9}.Debug|Any CPU.Build.0 = Debug|Any CPU
		{2207129D-4B0C-44D6-9513-A1D4B7C401D9}.Release|Any CPU.ActiveCfg = Release|Any CPU
		{2207129D-4B0C-44D6-9513-A1D4B7C401D9}.Release|Any CPU.Build.0 = Release|Any CPU
		{7B2EE829-5E97-4965-8D2E-216C589C010F}.Debug|Any CPU.ActiveCfg = Debug|Any CPU
		{7B2EE829-5E97-4965-8D2E-216C589C010F}.Debug|Any CPU.Build.0 = Debug|Any CPU
		{7B2EE829-5E97-4965-8D2E-216C589C010F}.Release|Any CPU.ActiveCfg = Release|Any CPU
		{7B2EE829-5E97-4965-8D2E-216C589C010F}.Release|Any CPU.Build.0 = Release|Any CPU
		{3C05CEBB-C17D-4CAB-8905-129F24F98EED}.Debug|Any CPU.ActiveCfg = Debug|Any CPU
		{3C05CEBB-C17D-4CAB-8905-129F24F98EED}.Debug|Any CPU.Build.0 = Debug|Any CPU
		{3C05CEBB-C17D-4CAB-8905-129F24F98EED}.Release|Any CPU.ActiveCfg = Release|Any CPU
		{3C05CEBB-C17D-4CAB-8905-129F24F98EED}.Release|Any CPU.Build.0 = Release|Any CPU
		{6C121653-BB55-47A8-9250-03BB5FDADC93}.Debug|Any CPU.ActiveCfg = Debug|Any CPU
		{6C121653-BB55-47A8-9250-03BB5FDADC93}.Debug|Any CPU.Build.0 = Debug|Any CPU
		{6C121653-BB55-47A8-9250-03BB5FDADC93}.Release|Any CPU.ActiveCfg = Release|Any CPU
		{6C121653-BB55-47A8-9250-03BB5FDADC93}.Release|Any CPU.Build.0 = Release|Any CPU
		{A1E40E8B-E607-47B2-9C1C-6633A6C75EBF}.Debug|Any CPU.ActiveCfg = Debug|Any CPU
		{A1E40E8B-E607-47B2-9C1C-6633A6C75EBF}.Debug|Any CPU.Build.0 = Debug|Any CPU
		{A1E40E8B-E607-47B2-9C1C-6633A6C75EBF}.Release|Any CPU.ActiveCfg = Release|Any CPU
		{A1E40E8B-E607-47B2-9C1C-6633A6C75EBF}.Release|Any CPU.Build.0 = Release|Any CPU
	EndGlobalSection
	GlobalSection(SolutionProperties) = preSolution
		HideSolutionNode = FALSE
	EndGlobalSection
	GlobalSection(NestedProjects) = preSolution
		{3DB90F7D-A601-45BD-A294-5A3A7CAAB4D8} = {9C4DD059-C6C3-4292-A901-5609916BCFA1}
		{CC629DA9-822B-417A-BA2E-145255F3D4DA} = {2BE97CFA-E60C-40BA-9FE2-BA63DABE5DA9}
		{5914FC4F-DF27-4F02-869C-83C5E66F0355} = {F3FACD39-FED1-4163-8078-4DA985C463BA}
		{C274A5BC-EEB2-41A3-9C71-4EF1C01A46F4} = {78E472E8-3D61-47E1-9FD3-C172062B5482}
		{1420544C-D015-4563-BF8A-68882BD901E3} = {78E472E8-3D61-47E1-9FD3-C172062B5482}
		{B56399B1-F5E3-47DE-A705-FFD5FCDFFD0F} = {78E472E8-3D61-47E1-9FD3-C172062B5482}
		{802D2FA1-1D7F-4195-8F15-5155844CDC55} = {C75FBDA5-9493-436A-B2E2-C5456B78B174}
		{2C7C34E2-DC49-4FE6-81BA-4682E7B1C752} = {522B4E47-7720-4AC7-A373-7F2259CC1B9D}
		{7A29C9CA-F856-4CB6-94CC-8024677AAA56} = {522B4E47-7720-4AC7-A373-7F2259CC1B9D}
		{4A3171B3-BE82-4565-9B24-957EDE44957A} = {522B4E47-7720-4AC7-A373-7F2259CC1B9D}
		{ABA20365-3120-45F2-880E-B55EB915D059} = {522B4E47-7720-4AC7-A373-7F2259CC1B9D}
		{E06D361B-C6CB-4164-87B8-27AD866CF13B} = {522B4E47-7720-4AC7-A373-7F2259CC1B9D}
		{0E230EC7-19B1-41A3-81EC-91A4B70BB5B6} = {522B4E47-7720-4AC7-A373-7F2259CC1B9D}
		{1A54FF44-D84C-4DE6-A1E6-CBC80FB94DCA} = {522B4E47-7720-4AC7-A373-7F2259CC1B9D}
		{C55DCE08-9BFA-4726-84EF-C91EDF0C7385} = {522B4E47-7720-4AC7-A373-7F2259CC1B9D}
		{EE2F7FC7-002B-438B-A020-EB2FCD0F012D} = {5863101C-E3FC-4B08-85D4-CF46685D5986}
		{8FCEB71D-4BFB-404A-B865-A2BB7F36C0F2} = {95312252-6118-4A15-877E-B22C6556AA0B}
		{EEDEF03E-1DC6-45B2-A658-1102667EA8AD} = {95312252-6118-4A15-877E-B22C6556AA0B}
		{2207129D-4B0C-44D6-9513-A1D4B7C401D9} = {95312252-6118-4A15-877E-B22C6556AA0B}
		{7B2EE829-5E97-4965-8D2E-216C589C010F} = {95312252-6118-4A15-877E-B22C6556AA0B}
		{3C05CEBB-C17D-4CAB-8905-129F24F98EED} = {F3FACD39-FED1-4163-8078-4DA985C463BA}
		{6C121653-BB55-47A8-9250-03BB5FDADC93} = {51FDEC41-3BB0-4F5E-AC34-AC845AC68A41}
		{A1E40E8B-E607-47B2-9C1C-6633A6C75EBF} = {95312252-6118-4A15-877E-B22C6556AA0B}
	EndGlobalSection
	GlobalSection(ExtensibilityGlobals) = postSolution
		SolutionGuid = {A61DC8B5-FB51-4FC7-B9BE-A083D5D8E7B7}
	EndGlobalSection
EndGlobal
