
Microsoft Visual Studio Solution File, Format Version 12.00
# Visual Studio Version 17
VisualStudioVersion = 17.11.35312.102
MinimumVisualStudioVersion = 10.0.40219.1
Project("{9A19103F-16F7-4668-BE54-9A1E7A4F7556}") = "RS.Widgets", "RS.Widgets\RS.Widgets.csproj", "{3DB90F7D-A601-45BD-A294-5A3A7CAAB4D8}"
EndProject
Project("{9A19103F-16F7-4668-BE54-9A1E7A4F7556}") = "RS.Win32API", "RS.Win32API\RS.Win32API.csproj", "{CC629DA9-822B-417A-BA2E-145255F3D4DA}"
EndProject
Project("{2150E333-8FDC-42A3-9474-1A3956D46DE8}") = "1、Web服务端", "1、Web服务端", "{522B4E47-7720-4AC7-A373-7F2259CC1B9D}"
EndProject
Project("{2150E333-8FDC-42A3-9474-1A3956D46DE8}") = "2、Windows桌面客户端", "2、Windows桌面客户端", "{78E472E8-3D61-47E1-9FD3-C172062B5482}"
EndProject
Project("{9A19103F-16F7-4668-BE54-9A1E7A4F7556}") = "RS.HMI.BLL", "RS.HMI.BLL\RS.HMI.BLL.csproj", "{2327CDB5-333C-4C1A-9C24-C1961089B015}"
EndProject
Project("{9A19103F-16F7-4668-BE54-9A1E7A4F7556}") = "RS.HMI.IBLL", "RS.HMI.IBLL\RS.HMI.IBLL.csproj", "{0D943959-FC10-4F49-9CF2-059901838248}"
EndProject
Project("{9A19103F-16F7-4668-BE54-9A1E7A4F7556}") = "RS.HMI.DAL", "RS.HMI.DAL\RS.HMI.DAL.csproj", "{286CBF27-316A-49D3-8446-7FC7D6F9931D}"
EndProject
Project("{9A19103F-16F7-4668-BE54-9A1E7A4F7556}") = "RS.HMI.IDAL", "RS.HMI.IDAL\RS.HMI.IDAL.csproj", "{D56CEB61-32FC-4CB9-8D2F-AE68E2771938}"
EndProject
Project("{2150E333-8FDC-42A3-9474-1A3956D46DE8}") = "3、通用类库", "3、通用类库", "{F3FACD39-FED1-4163-8078-4DA985C463BA}"
EndProject
Project("{2150E333-8FDC-42A3-9474-1A3956D46DE8}") = "4、项目文档", "4、项目文档", "{5863101C-E3FC-4B08-85D4-CF46685D5986}"
EndProject
Project("{9A19103F-16F7-4668-BE54-9A1E7A4F7556}") = "RS.Commons", "RS.Commons\RS.Commons.csproj", "{5914FC4F-DF27-4F02-869C-83C5E66F0355}"
EndProject
Project("{2150E333-8FDC-42A3-9474-1A3956D46DE8}") = "5、Andriod应用", "5、Andriod应用", "{0C0965BC-8B5F-4A43-B101-335B1CBF693E}"
EndProject
Project("{2150E333-8FDC-42A3-9474-1A3956D46DE8}") = "6、IOS应用", "6、IOS应用", "{6FF22635-D817-4E16-895D-6FE96508F87A}"
EndProject
Project("{2150E333-8FDC-42A3-9474-1A3956D46DE8}") = "7、Linux应用", "7、Linux应用", "{97AED3CE-F645-437E-819B-428B2D3D4F1C}"
EndProject
Project("{9A19103F-16F7-4668-BE54-9A1E7A4F7556}") = "RS.HMI.Models", "RS.HMI.Models\RS.HMI.Models.csproj", "{68B04D5B-7BAC-404F-8E48-B1656887214A}"
EndProject
Project("{9A19103F-16F7-4668-BE54-9A1E7A4F7556}") = "RS.HMI.Web", "RS.HMI.Web\RS.HMI.Web.csproj", "{142A21DC-3264-43DC-A588-020B390B3B4F}"
EndProject
Project("{9A19103F-16F7-4668-BE54-9A1E7A4F7556}") = "RS.HMI.ClientData", "RS.HMI.ClientData\RS.HMI.ClientData.csproj", "{C274A5BC-EEB2-41A3-9C71-4EF1C01A46F4}"
EndProject
Project("{9A19103F-16F7-4668-BE54-9A1E7A4F7556}") = "RS.HMI.Client", "RS.HMI.Client\RS.HMI.Client.csproj", "{1420544C-D015-4563-BF8A-68882BD901E3}"
EndProject
Project("{9A19103F-16F7-4668-BE54-9A1E7A4F7556}") = "RS.HMI.CommuLib", "RS.HMI.CommuLib\RS.HMI.CommuLib.csproj", "{B56399B1-F5E3-47DE-A705-FFD5FCDFFD0F}"
EndProject
Project("{FAE04EC0-301F-11D3-BF4B-00C04F79EFBC}") = "HslCommunication", "HslCommunication\HslCommunication.csproj", "{802D2FA1-1D7F-4195-8F15-5155844CDC55}"
EndProject
Global
	GlobalSection(SolutionConfigurationPlatforms) = preSolution
		Debug|Any CPU = Debug|Any CPU
		Release|Any CPU = Release|Any CPU
	EndGlobalSection
	GlobalSection(ProjectConfigurationPlatforms) = postSolution
		{3DB90F7D-A601-45BD-A294-5A3A7CAAB4D8}.Debug|Any CPU.ActiveCfg = Debug|Any CPU
		{3DB90F7D-A601-45BD-A294-5A3A7CAAB4D8}.Debug|Any CPU.Build.0 = Debug|Any CPU
		{3DB90F7D-A601-45BD-A294-5A3A7CAAB4D8}.Release|Any CPU.ActiveCfg = Release|Any CPU
		{3DB90F7D-A601-45BD-A294-5A3A7CAAB4D8}.Release|Any CPU.Build.0 = Release|Any CPU
		{CC629DA9-822B-417A-BA2E-145255F3D4DA}.Debug|Any CPU.ActiveCfg = Debug|Any CPU
		{CC629DA9-822B-417A-BA2E-145255F3D4DA}.Debug|Any CPU.Build.0 = Debug|Any CPU
		{CC629DA9-822B-417A-BA2E-145255F3D4DA}.Release|Any CPU.ActiveCfg = Release|Any CPU
		{CC629DA9-822B-417A-BA2E-145255F3D4DA}.Release|Any CPU.Build.0 = Release|Any CPU
		{2327CDB5-333C-4C1A-9C24-C1961089B015}.Debug|Any CPU.ActiveCfg = Debug|Any CPU
		{2327CDB5-333C-4C1A-9C24-C1961089B015}.Debug|Any CPU.Build.0 = Debug|Any CPU
		{2327CDB5-333C-4C1A-9C24-C1961089B015}.Release|Any CPU.ActiveCfg = Release|Any CPU
		{2327CDB5-333C-4C1A-9C24-C1961089B015}.Release|Any CPU.Build.0 = Release|Any CPU
		{0D943959-FC10-4F49-9CF2-059901838248}.Debug|Any CPU.ActiveCfg = Debug|Any CPU
		{0D943959-FC10-4F49-9CF2-059901838248}.Debug|Any CPU.Build.0 = Debug|Any CPU
		{0D943959-FC10-4F49-9CF2-059901838248}.Release|Any CPU.ActiveCfg = Release|Any CPU
		{0D943959-FC10-4F49-9CF2-059901838248}.Release|Any CPU.Build.0 = Release|Any CPU
		{286CBF27-316A-49D3-8446-7FC7D6F9931D}.Debug|Any CPU.ActiveCfg = Debug|Any CPU
		{286CBF27-316A-49D3-8446-7FC7D6F9931D}.Debug|Any CPU.Build.0 = Debug|Any CPU
		{286CBF27-316A-49D3-8446-7FC7D6F9931D}.Release|Any CPU.ActiveCfg = Release|Any CPU
		{286CBF27-316A-49D3-8446-7FC7D6F9931D}.Release|Any CPU.Build.0 = Release|Any CPU
		{D56CEB61-32FC-4CB9-8D2F-AE68E2771938}.Debug|Any CPU.ActiveCfg = Debug|Any CPU
		{D56CEB61-32FC-4CB9-8D2F-AE68E2771938}.Debug|Any CPU.Build.0 = Debug|Any CPU
		{D56CEB61-32FC-4CB9-8D2F-AE68E2771938}.Release|Any CPU.ActiveCfg = Release|Any CPU
		{D56CEB61-32FC-4CB9-8D2F-AE68E2771938}.Release|Any CPU.Build.0 = Release|Any CPU
		{5914FC4F-DF27-4F02-869C-83C5E66F0355}.Debug|Any CPU.ActiveCfg = Debug|Any CPU
		{5914FC4F-DF27-4F02-869C-83C5E66F0355}.Debug|Any CPU.Build.0 = Debug|Any CPU
		{5914FC4F-DF27-4F02-869C-83C5E66F0355}.Release|Any CPU.ActiveCfg = Release|Any CPU
		{5914FC4F-DF27-4F02-869C-83C5E66F0355}.Release|Any CPU.Build.0 = Release|Any CPU
		{68B04D5B-7BAC-404F-8E48-B1656887214A}.Debug|Any CPU.ActiveCfg = Debug|Any CPU
		{68B04D5B-7BAC-404F-8E48-B1656887214A}.Debug|Any CPU.Build.0 = Debug|Any CPU
		{68B04D5B-7BAC-404F-8E48-B1656887214A}.Release|Any CPU.ActiveCfg = Release|Any CPU
		{68B04D5B-7BAC-404F-8E48-B1656887214A}.Release|Any CPU.Build.0 = Release|Any CPU
		{142A21DC-3264-43DC-A588-020B390B3B4F}.Debug|Any CPU.ActiveCfg = Debug|Any CPU
		{142A21DC-3264-43DC-A588-020B390B3B4F}.Debug|Any CPU.Build.0 = Debug|Any CPU
		{142A21DC-3264-43DC-A588-020B390B3B4F}.Release|Any CPU.ActiveCfg = Release|Any CPU
		{142A21DC-3264-43DC-A588-020B390B3B4F}.Release|Any CPU.Build.0 = Release|Any CPU
		{C274A5BC-EEB2-41A3-9C71-4EF1C01A46F4}.Debug|Any CPU.ActiveCfg = Debug|Any CPU
		{C274A5BC-EEB2-41A3-9C71-4EF1C01A46F4}.Debug|Any CPU.Build.0 = Debug|Any CPU
		{C274A5BC-EEB2-41A3-9C71-4EF1C01A46F4}.Release|Any CPU.ActiveCfg = Release|Any CPU
		{C274A5BC-EEB2-41A3-9C71-4EF1C01A46F4}.Release|Any CPU.Build.0 = Release|Any CPU
		{1420544C-D015-4563-BF8A-68882BD901E3}.Debug|Any CPU.ActiveCfg = Debug|Any CPU
		{1420544C-D015-4563-BF8A-68882BD901E3}.Debug|Any CPU.Build.0 = Debug|Any CPU
		{1420544C-D015-4563-BF8A-68882BD901E3}.Release|Any CPU.ActiveCfg = Release|Any CPU
		{1420544C-D015-4563-BF8A-68882BD901E3}.Release|Any CPU.Build.0 = Release|Any CPU
		{B56399B1-F5E3-47DE-A705-FFD5FCDFFD0F}.Debug|Any CPU.ActiveCfg = Debug|Any CPU
		{B56399B1-F5E3-47DE-A705-FFD5FCDFFD0F}.Debug|Any CPU.Build.0 = Debug|Any CPU
		{B56399B1-F5E3-47DE-A705-FFD5FCDFFD0F}.Release|Any CPU.ActiveCfg = Release|Any CPU
		{B56399B1-F5E3-47DE-A705-FFD5FCDFFD0F}.Release|Any CPU.Build.0 = Release|Any CPU
		{802D2FA1-1D7F-4195-8F15-5155844CDC55}.Debug|Any CPU.ActiveCfg = Debug|Any CPU
		{802D2FA1-1D7F-4195-8F15-5155844CDC55}.Debug|Any CPU.Build.0 = Debug|Any CPU
		{802D2FA1-1D7F-4195-8F15-5155844CDC55}.Release|Any CPU.ActiveCfg = Release|Any CPU
		{802D2FA1-1D7F-4195-8F15-5155844CDC55}.Release|Any CPU.Build.0 = Release|Any CPU
	EndGlobalSection
	GlobalSection(SolutionProperties) = preSolution
		HideSolutionNode = FALSE
	EndGlobalSection
	GlobalSection(NestedProjects) = preSolution
		{3DB90F7D-A601-45BD-A294-5A3A7CAAB4D8} = {78E472E8-3D61-47E1-9FD3-C172062B5482}
		{CC629DA9-822B-417A-BA2E-145255F3D4DA} = {78E472E8-3D61-47E1-9FD3-C172062B5482}
		{2327CDB5-333C-4C1A-9C24-C1961089B015} = {522B4E47-7720-4AC7-A373-7F2259CC1B9D}
		{0D943959-FC10-4F49-9CF2-059901838248} = {522B4E47-7720-4AC7-A373-7F2259CC1B9D}
		{286CBF27-316A-49D3-8446-7FC7D6F9931D} = {522B4E47-7720-4AC7-A373-7F2259CC1B9D}
		{D56CEB61-32FC-4CB9-8D2F-AE68E2771938} = {522B4E47-7720-4AC7-A373-7F2259CC1B9D}
		{5914FC4F-DF27-4F02-869C-83C5E66F0355} = {F3FACD39-FED1-4163-8078-4DA985C463BA}
		{68B04D5B-7BAC-404F-8E48-B1656887214A} = {78E472E8-3D61-47E1-9FD3-C172062B5482}
		{142A21DC-3264-43DC-A588-020B390B3B4F} = {522B4E47-7720-4AC7-A373-7F2259CC1B9D}
		{C274A5BC-EEB2-41A3-9C71-4EF1C01A46F4} = {78E472E8-3D61-47E1-9FD3-C172062B5482}
		{1420544C-D015-4563-BF8A-68882BD901E3} = {78E472E8-3D61-47E1-9FD3-C172062B5482}
		{B56399B1-F5E3-47DE-A705-FFD5FCDFFD0F} = {78E472E8-3D61-47E1-9FD3-C172062B5482}
		{802D2FA1-1D7F-4195-8F15-5155844CDC55} = {78E472E8-3D61-47E1-9FD3-C172062B5482}
	EndGlobalSection
	GlobalSection(ExtensibilityGlobals) = postSolution
		SolutionGuid = {A61DC8B5-FB51-4FC7-B9BE-A083D5D8E7B7}
	EndGlobalSection
EndGlobal
